// !$*UTF8*$!
{
	archiveVersion = 1;
	classes = {
	};
	objectVersion = 77;
	objects = {

/* Begin PBXBuildFile section */
		000C85383CCB4E229F728A14 /* Vendor/OpenCV/lib/libopencv_photo.500.dylib in Frameworks */ = {isa = PBXBuildFile; fileRef = 02DCFC88F83045958E37BA70 /* Vendor/OpenCV/lib/libopencv_photo.500.dylib */; };
		00454D872C7A4E998B2FA4D7 /* Vendor/OpenCV/lib/libopencv_imgproc.500.dylib in Embed OpenCV Libraries */ = {isa = PBXBuildFile; fileRef = 946CB43764E7415A9D210836 /* Vendor/OpenCV/lib/libopencv_imgproc.500.dylib */; settings = {ATTRIBUTES = (CodeSignOnCopy, ); }; };
		0166FB5A9702487781550106 /* Vendor/OpenCV/lib/libopencv_objdetect.500.dylib in Frameworks */ = {isa = PBXBuildFile; fileRef = F1BFCD7E88C44B3BA9FB5F92 /* Vendor/OpenCV/lib/libopencv_objdetect.500.dylib */; };
		150F2F691544410E99D5BD5D /* Vendor/OpenCV/lib/libopencv_photo.500.dylib in Embed OpenCV Libraries */ = {isa = PBXBuildFile; fileRef = 02DCFC88F83045958E37BA70 /* Vendor/OpenCV/lib/libopencv_photo.500.dylib */; settings = {ATTRIBUTES = (CodeSignOnCopy, ); }; };
		16919530370546FB8F78EBB3 /* Vendor/OpenCV/lib/libopencv_calib.500.dylib in Frameworks */ = {isa = PBXBuildFile; fileRef = 1F6F12E988F840FA8612E14B /* Vendor/OpenCV/lib/libopencv_calib.500.dylib */; };
		1E935D406F994503A1C89422 /* Vendor/OpenCV/lib/libopencv_features.500.dylib in Frameworks */ = {isa = PBXBuildFile; fileRef = 79B471AFDE2A4851B4419EEE /* Vendor/OpenCV/lib/libopencv_features.500.dylib */; };
		1FEA5C8D7F664111A12E3C96 /* libOpenCVBridge.a in Frameworks */ = {isa = PBXBuildFile; fileRef = 36185C0CE2D94464B7F78BD3 /* libOpenCVBridge.a */; };
		24665B846CF64BB99FF705D1 /* Vendor/OpenCV/lib/libopencv_calib.500.dylib in Frameworks */ = {isa = PBXBuildFile; fileRef = 1F6F12E988F840FA8612E14B /* Vendor/OpenCV/lib/libopencv_calib.500.dylib */; };
		28C2DAC0A75049F28DDECE8E /* Vendor/OpenCV/lib/libopencv_geometry.500.dylib in Frameworks */ = {isa = PBXBuildFile; fileRef = B7BA168F3C5E402A9D5A71F7 /* Vendor/OpenCV/lib/libopencv_geometry.500.dylib */; };
		2D86BEBE293A4C708A8C3EC0 /* Vendor/OpenCV/lib/libopencv_stereo.500.dylib in Frameworks */ = {isa = PBXBuildFile; fileRef = AA45EE91EEED442A8909C60B /* Vendor/OpenCV/lib/libopencv_stereo.500.dylib */; };
		33E519C48C8246A8BE91824F /* Vendor/OpenCV/lib/libopencv_features.500.dylib in Embed OpenCV Libraries */ = {isa = PBXBuildFile; fileRef = 79B471AFDE2A4851B4419EEE /* Vendor/OpenCV/lib/libopencv_features.500.dylib */; settings = {ATTRIBUTES = (CodeSignOnCopy, ); }; };
		37BD371D5C4D4D71A0739AFC /* Resources/Backgrounds in Resources */ = {isa = PBXBuildFile; fileRef = BEC8C974AC0A4A8198FB6210 /* Resources/Backgrounds */; };
		453E2BA59F684FFFA2701D81 /* Vendor/OpenCV/lib/libopencv_core.500.dylib in Frameworks */ = {isa = PBXBuildFile; fileRef = 132D85E40BD345DA90E6A0EA /* Vendor/OpenCV/lib/libopencv_core.500.dylib */; };
		504007EEC2174E9BBCA64673 /* Vendor/OpenCV/lib/libopencv_geometry.500.dylib in Frameworks */ = {isa = PBXBuildFile; fileRef = B7BA168F3C5E402A9D5A71F7 /* Vendor/OpenCV/lib/libopencv_geometry.500.dylib */; };
		5776F527F84D449E9E4C1CFA /* Vendor/OpenCV/lib/libopencv_stitching.500.dylib in Frameworks */ = {isa = PBXBuildFile; fileRef = 6B870E14BE1946EEAD33859D /* Vendor/OpenCV/lib/libopencv_stitching.500.dylib */; };
		5FBF01F7AE7647B88D4357D2 /* Vendor/OpenCV/lib/libopencv_flann.500.dylib in Frameworks */ = {isa = PBXBuildFile; fileRef = 8F10565F499443988394295E /* Vendor/OpenCV/lib/libopencv_flann.500.dylib */; };
		669AB917EFAA4048932447B8 /* Vendor/OpenCV/lib/libopencv_photo.500.dylib in Frameworks */ = {isa = PBXBuildFile; fileRef = 02DCFC88F83045958E37BA70 /* Vendor/OpenCV/lib/libopencv_photo.500.dylib */; };
		6731A87306C945E188F7CCBE /* Vendor/OpenCV/lib/libopencv_objdetect.500.dylib in Frameworks */ = {isa = PBXBuildFile; fileRef = F1BFCD7E88C44B3BA9FB5F92 /* Vendor/OpenCV/lib/libopencv_objdetect.500.dylib */; };
		73A209E26EBE40B8B5283188 /* Vendor/OpenCV/lib/libopencv_imgcodecs.500.dylib in Frameworks */ = {isa = PBXBuildFile; fileRef = 212737ACE4E24D8086B2C43F /* Vendor/OpenCV/lib/libopencv_imgcodecs.500.dylib */; };
		7B8FD3F07E4148DFAFB707BF /* Vendor/OpenCV/lib/libopencv_imgcodecs.500.dylib in Frameworks */ = {isa = PBXBuildFile; fileRef = 212737ACE4E24D8086B2C43F /* Vendor/OpenCV/lib/libopencv_imgcodecs.500.dylib */; };
		7D56DB51C00C401BA34232AD /* Vendor/OpenCV/lib/libopencv_calib.500.dylib in Embed OpenCV Libraries */ = {isa = PBXBuildFile; fileRef = 1F6F12E988F840FA8612E14B /* Vendor/OpenCV/lib/libopencv_calib.500.dylib */; settings = {ATTRIBUTES = (CodeSignOnCopy, ); }; };
		83C05ED0EC444AF8B237BDE8 /* Vendor/OpenCV/lib/libopencv_core.500.dylib in Frameworks */ = {isa = PBXBuildFile; fileRef = 132D85E40BD345DA90E6A0EA /* Vendor/OpenCV/lib/libopencv_core.500.dylib */; };
		840BBFAC001141668690085B /* Vendor/OpenCV/lib/libopencv_stitching.500.dylib in Embed OpenCV Libraries */ = {isa = PBXBuildFile; fileRef = 6B870E14BE1946EEAD33859D /* Vendor/OpenCV/lib/libopencv_stitching.500.dylib */; settings = {ATTRIBUTES = (CodeSignOnCopy, ); }; };
		8D88BD01519746539379B431 /* Vendor/OpenCV/lib/libopencv_flann.500.dylib in Frameworks */ = {isa = PBXBuildFile; fileRef = 8F10565F499443988394295E /* Vendor/OpenCV/lib/libopencv_flann.500.dylib */; };
		95F2F371C958435B95A80622 /* OpenCVBridge/PanoramaBridge.cpp in Sources */ = {isa = PBXBuildFile; fileRef = D05B189BDA6245E0BB67CE60 /* OpenCVBridge/PanoramaBridge.cpp */; };
		9BE3DA9456E849F887F562E0 /* Resources/ThirdPartyLicenses in Resources */ = {isa = PBXBuildFile; fileRef = E2DE47DF8743472286CEEECA /* Resources/ThirdPartyLicenses */; };
		9FD6C139E5D7455DB53E9801 /* Vendor/OpenCV/lib/libopencv_stereo.500.dylib in Embed OpenCV Libraries */ = {isa = PBXBuildFile; fileRef = AA45EE91EEED442A8909C60B /* Vendor/OpenCV/lib/libopencv_stereo.500.dylib */; settings = {ATTRIBUTES = (CodeSignOnCopy, ); }; };
		B68675E66C9C483993AB546B /* Vendor/OpenCV/lib/libopencv_objdetect.500.dylib in Embed OpenCV Libraries */ = {isa = PBXBuildFile; fileRef = F1BFCD7E88C44B3BA9FB5F92 /* Vendor/OpenCV/lib/libopencv_objdetect.500.dylib */; settings = {ATTRIBUTES = (CodeSignOnCopy, ); }; };
		BBCFB8FA33224A2F8DF63657 /* Vendor/OpenCV/lib/libopencv_imgproc.500.dylib in Frameworks */ = {isa = PBXBuildFile; fileRef = 946CB43764E7415A9D210836 /* Vendor/OpenCV/lib/libopencv_imgproc.500.dylib */; };
		CD0C4BA72F004F539D320878 /* Vendor/OpenCV/lib/libopencv_stitching.500.dylib in Frameworks */ = {isa = PBXBuildFile; fileRef = 6B870E14BE1946EEAD33859D /* Vendor/OpenCV/lib/libopencv_stitching.500.dylib */; };
		CD5DB05841F040108A9A91C7 /* libOpenCVBridge.a in Frameworks */ = {isa = PBXBuildFile; fileRef = 36185C0CE2D94464B7F78BD3 /* libOpenCVBridge.a */; };
		D160F01E98C040B99302F411 /* Vendor/OpenCV/lib/libopencv_stereo.500.dylib in Frameworks */ = {isa = PBXBuildFile; fileRef = AA45EE91EEED442A8909C60B /* Vendor/OpenCV/lib/libopencv_stereo.500.dylib */; };
		D37D1FB5F66C462D801C6958 /* Vendor/OpenCV/lib/libopencv_flann.500.dylib in Embed OpenCV Libraries */ = {isa = PBXBuildFile; fileRef = 8F10565F499443988394295E /* Vendor/OpenCV/lib/libopencv_flann.500.dylib */; settings = {ATTRIBUTES = (CodeSignOnCopy, ); }; };
		D97210E3DC84437D96E05CF0 /* Vendor/OpenCV/lib/libopencv_geometry.500.dylib in Embed OpenCV Libraries */ = {isa = PBXBuildFile; fileRef = B7BA168F3C5E402A9D5A71F7 /* Vendor/OpenCV/lib/libopencv_geometry.500.dylib */; settings = {ATTRIBUTES = (CodeSignOnCopy, ); }; };
		E8E9635CB97443A69B898BA0 /* Vendor/OpenCV/lib/libopencv_features.500.dylib in Frameworks */ = {isa = PBXBuildFile; fileRef = 79B471AFDE2A4851B4419EEE /* Vendor/OpenCV/lib/libopencv_features.500.dylib */; };
		ECA2B3E490174BDE9116BCF6 /* Vendor/OpenCV/lib/libopencv_imgproc.500.dylib in Frameworks */ = {isa = PBXBuildFile; fileRef = 946CB43764E7415A9D210836 /* Vendor/OpenCV/lib/libopencv_imgproc.500.dylib */; };
		EFC36D212D4D4942B46B4FEA /* Vendor/OpenCV/lib/libopencv_imgcodecs.500.dylib in Embed OpenCV Libraries */ = {isa = PBXBuildFile; fileRef = 212737ACE4E24D8086B2C43F /* Vendor/OpenCV/lib/libopencv_imgcodecs.500.dylib */; settings = {ATTRIBUTES = (CodeSignOnCopy, ); }; };
		FF3095F6D4A04560971DD579 /* Vendor/OpenCV/lib/libopencv_core.500.dylib in Embed OpenCV Libraries */ = {isa = PBXBuildFile; fileRef = 132D85E40BD345DA90E6A0EA /* Vendor/OpenCV/lib/libopencv_core.500.dylib */; settings = {ATTRIBUTES = (CodeSignOnCopy, ); }; };
/* End PBXBuildFile section */

/* Begin PBXContainerItemProxy section */
		13440D6DE5734FEC9A153491 /* PBXContainerItemProxy */ = {
			isa = PBXContainerItemProxy;
			containerPortal = F7349879307406FD00FD790F /* Project object */;
			proxyType = 1;
			remoteGlobalIDString = F7349880307406FD00FD790F;
			remoteInfo = PanoWizard;
		};
		F2813E8409DF4A7B936DF617 /* PBXContainerItemProxy */ = {
			isa = PBXContainerItemProxy;
			containerPortal = F7349879307406FD00FD790F /* Project object */;
			proxyType = 1;
			remoteGlobalIDString = 01645290C09E470CA42404D5;
			remoteInfo = OpenCVBridge;
		};
/* End PBXContainerItemProxy section */

/* Begin PBXCopyFilesBuildPhase section */
		784280F4C5634915B974A6BF /* Embed OpenCV Libraries */ = {
			isa = PBXCopyFilesBuildPhase;
			buildActionMask = 2147483647;
			dstPath = "";
			dstSubfolderSpec = 10;
			files = (
				7D56DB51C00C401BA34232AD /* Vendor/OpenCV/lib/libopencv_calib.500.dylib in Embed OpenCV Libraries */,
				FF3095F6D4A04560971DD579 /* Vendor/OpenCV/lib/libopencv_core.500.dylib in Embed OpenCV Libraries */,
				33E519C48C8246A8BE91824F /* Vendor/OpenCV/lib/libopencv_features.500.dylib in Embed OpenCV Libraries */,
				D37D1FB5F66C462D801C6958 /* Vendor/OpenCV/lib/libopencv_flann.500.dylib in Embed OpenCV Libraries */,
				D97210E3DC84437D96E05CF0 /* Vendor/OpenCV/lib/libopencv_geometry.500.dylib in Embed OpenCV Libraries */,
				EFC36D212D4D4942B46B4FEA /* Vendor/OpenCV/lib/libopencv_imgcodecs.500.dylib in Embed OpenCV Libraries */,
				00454D872C7A4E998B2FA4D7 /* Vendor/OpenCV/lib/libopencv_imgproc.500.dylib in Embed OpenCV Libraries */,
				B68675E66C9C483993AB546B /* Vendor/OpenCV/lib/libopencv_objdetect.500.dylib in Embed OpenCV Libraries */,
				150F2F691544410E99D5BD5D /* Vendor/OpenCV/lib/libopencv_photo.500.dylib in Embed OpenCV Libraries */,
				9FD6C139E5D7455DB53E9801 /* Vendor/OpenCV/lib/libopencv_stereo.500.dylib in Embed OpenCV Libraries */,
				840BBFAC001141668690085B /* Vendor/OpenCV/lib/libopencv_stitching.500.dylib in Embed OpenCV Libraries */,
			);
			name = "Embed OpenCV Libraries";
			runOnlyForDeploymentPostprocessing = 0;
		};
/* End PBXCopyFilesBuildPhase section */

/* Begin PBXFileReference section */
		02DCFC88F83045958E37BA70 /* Vendor/OpenCV/lib/libopencv_photo.500.dylib */ = {isa = PBXFileReference; lastKnownFileType = "compiled.mach-o.dylib"; path = Vendor/OpenCV/lib/libopencv_photo.500.dylib; sourceTree = "<group>"; };
		132D85E40BD345DA90E6A0EA /* Vendor/OpenCV/lib/libopencv_core.500.dylib */ = {isa = PBXFileReference; lastKnownFileType = "compiled.mach-o.dylib"; path = Vendor/OpenCV/lib/libopencv_core.500.dylib; sourceTree = "<group>"; };
		1F6F12E988F840FA8612E14B /* Vendor/OpenCV/lib/libopencv_calib.500.dylib */ = {isa = PBXFileReference; lastKnownFileType = "compiled.mach-o.dylib"; path = Vendor/OpenCV/lib/libopencv_calib.500.dylib; sourceTree = "<group>"; };
		212737ACE4E24D8086B2C43F /* Vendor/OpenCV/lib/libopencv_imgcodecs.500.dylib */ = {isa = PBXFileReference; lastKnownFileType = "compiled.mach-o.dylib"; path = Vendor/OpenCV/lib/libopencv_imgcodecs.500.dylib; sourceTree = "<group>"; };
		36185C0CE2D94464B7F78BD3 /* libOpenCVBridge.a */ = {isa = PBXFileReference; explicitFileType = archive.ar; includeInIndex = 0; path = libOpenCVBridge.a; sourceTree = BUILT_PRODUCTS_DIR; };
		422A7CD70127452DBB703E00 /* PanoWizardTests.xctest */ = {isa = PBXFileReference; explicitFileType = wrapper.cfbundle; includeInIndex = 0; path = PanoWizardTests.xctest; sourceTree = BUILT_PRODUCTS_DIR; };
		6B870E14BE1946EEAD33859D /* Vendor/OpenCV/lib/libopencv_stitching.500.dylib */ = {isa = PBXFileReference; lastKnownFileType = "compiled.mach-o.dylib"; path = Vendor/OpenCV/lib/libopencv_stitching.500.dylib; sourceTree = "<group>"; };
		79B471AFDE2A4851B4419EEE /* Vendor/OpenCV/lib/libopencv_features.500.dylib */ = {isa = PBXFileReference; lastKnownFileType = "compiled.mach-o.dylib"; path = Vendor/OpenCV/lib/libopencv_features.500.dylib; sourceTree = "<group>"; };
		7D7F9F6E0018453485F81394 /* OpenCVBridge/include/OpenCVBridge.h */ = {isa = PBXFileReference; lastKnownFileType = sourcecode.c.h; path = OpenCVBridge/include/OpenCVBridge.h; sourceTree = "<group>"; };
		8F10565F499443988394295E /* Vendor/OpenCV/lib/libopencv_flann.500.dylib */ = {isa = PBXFileReference; lastKnownFileType = "compiled.mach-o.dylib"; path = Vendor/OpenCV/lib/libopencv_flann.500.dylib; sourceTree = "<group>"; };
		946CB43764E7415A9D210836 /* Vendor/OpenCV/lib/libopencv_imgproc.500.dylib */ = {isa = PBXFileReference; lastKnownFileType = "compiled.mach-o.dylib"; path = Vendor/OpenCV/lib/libopencv_imgproc.500.dylib; sourceTree = "<group>"; };
		A8C6EFB5825944BEB7C2999E /* OpenCVBridge/include/module.modulemap */ = {isa = PBXFileReference; lastKnownFileType = "sourcecode.module-map"; path = OpenCVBridge/include/module.modulemap; sourceTree = "<group>"; };
		AA45EE91EEED442A8909C60B /* Vendor/OpenCV/lib/libopencv_stereo.500.dylib */ = {isa = PBXFileReference; lastKnownFileType = "compiled.mach-o.dylib"; path = Vendor/OpenCV/lib/libopencv_stereo.500.dylib; sourceTree = "<group>"; };
		B7BA168F3C5E402A9D5A71F7 /* Vendor/OpenCV/lib/libopencv_geometry.500.dylib */ = {isa = PBXFileReference; lastKnownFileType = "compiled.mach-o.dylib"; path = Vendor/OpenCV/lib/libopencv_geometry.500.dylib; sourceTree = "<group>"; };
		BEC8C974AC0A4A8198FB6210 /* Resources/Backgrounds */ = {isa = PBXFileReference; lastKnownFileType = folder; path = Resources/Backgrounds; sourceTree = "<group>"; };
		D05B189BDA6245E0BB67CE60 /* OpenCVBridge/PanoramaBridge.cpp */ = {isa = PBXFileReference; lastKnownFileType = sourcecode.cpp.cpp; path = OpenCVBridge/PanoramaBridge.cpp; sourceTree = "<group>"; };
		E2DE47DF8743472286CEEECA /* Resources/ThirdPartyLicenses */ = {isa = PBXFileReference; lastKnownFileType = folder; path = Resources/ThirdPartyLicenses; sourceTree = "<group>"; };
		F1BFCD7E88C44B3BA9FB5F92 /* Vendor/OpenCV/lib/libopencv_objdetect.500.dylib */ = {isa = PBXFileReference; lastKnownFileType = "compiled.mach-o.dylib"; path = Vendor/OpenCV/lib/libopencv_objdetect.500.dylib; sourceTree = "<group>"; };
		F7349881307406FD00FD790F /* PanoWizard.app */ = {isa = PBXFileReference; explicitFileType = wrapper.application; includeInIndex = 0; path = PanoWizard.app; sourceTree = BUILT_PRODUCTS_DIR; };
/* End PBXFileReference section */

/* Begin PBXFileSystemSynchronizedBuildFileExceptionSet section */
		43549ED170DE43AD969C90FE /* Exceptions for "PanoWizard" folder in "PanoWizard" target */ = {
			isa = PBXFileSystemSynchronizedBuildFileExceptionSet;
			membershipExceptions = (
				Info.plist,
			);
			target = F7349880307406FD00FD790F /* PanoWizard */;
		};
/* End PBXFileSystemSynchronizedBuildFileExceptionSet section */

/* Begin PBXFileSystemSynchronizedRootGroup section */
		F2DED49479F643068C844E6A /* PanoWizardTests */ = {
			isa = PBXFileSystemSynchronizedRootGroup;
			path = PanoWizardTests;
			sourceTree = "<group>";
		};
		F7349883307406FD00FD790F /* PanoWizard */ = {
			isa = PBXFileSystemSynchronizedRootGroup;
			exceptions = (
				43549ED170DE43AD969C90FE /* Exceptions for "PanoWizard" folder in "PanoWizard" target */,
			);
			path = PanoWizard;
			sourceTree = "<group>";
		};
/* End PBXFileSystemSynchronizedRootGroup section */

/* Begin PBXFrameworksBuildPhase section */
		508F98B5B8684E68A9AC954A /* Frameworks */ = {
			isa = PBXFrameworksBuildPhase;
			buildActionMask = 2147483647;
			files = (
			);
			runOnlyForDeploymentPostprocessing = 0;
		};
		EF7EFCE0338F460999B89781 /* Frameworks */ = {
			isa = PBXFrameworksBuildPhase;
			buildActionMask = 2147483647;
			files = (
				1FEA5C8D7F664111A12E3C96 /* libOpenCVBridge.a in Frameworks */,
				16919530370546FB8F78EBB3 /* Vendor/OpenCV/lib/libopencv_calib.500.dylib in Frameworks */,
				83C05ED0EC444AF8B237BDE8 /* Vendor/OpenCV/lib/libopencv_core.500.dylib in Frameworks */,
				1E935D406F994503A1C89422 /* Vendor/OpenCV/lib/libopencv_features.500.dylib in Frameworks */,
				5FBF01F7AE7647B88D4357D2 /* Vendor/OpenCV/lib/libopencv_flann.500.dylib in Frameworks */,
				28C2DAC0A75049F28DDECE8E /* Vendor/OpenCV/lib/libopencv_geometry.500.dylib in Frameworks */,
				73A209E26EBE40B8B5283188 /* Vendor/OpenCV/lib/libopencv_imgcodecs.500.dylib in Frameworks */,
				ECA2B3E490174BDE9116BCF6 /* Vendor/OpenCV/lib/libopencv_imgproc.500.dylib in Frameworks */,
				6731A87306C945E188F7CCBE /* Vendor/OpenCV/lib/libopencv_objdetect.500.dylib in Frameworks */,
				000C85383CCB4E229F728A14 /* Vendor/OpenCV/lib/libopencv_photo.500.dylib in Frameworks */,
				2D86BEBE293A4C708A8C3EC0 /* Vendor/OpenCV/lib/libopencv_stereo.500.dylib in Frameworks */,
				CD0C4BA72F004F539D320878 /* Vendor/OpenCV/lib/libopencv_stitching.500.dylib in Frameworks */,
			);
			runOnlyForDeploymentPostprocessing = 0;
		};
		F734987E307406FD00FD790F /* Frameworks */ = {
			isa = PBXFrameworksBuildPhase;
			buildActionMask = 2147483647;
			files = (
				CD5DB05841F040108A9A91C7 /* libOpenCVBridge.a in Frameworks */,
				24665B846CF64BB99FF705D1 /* Vendor/OpenCV/lib/libopencv_calib.500.dylib in Frameworks */,
				453E2BA59F684FFFA2701D81 /* Vendor/OpenCV/lib/libopencv_core.500.dylib in Frameworks */,
				E8E9635CB97443A69B898BA0 /* Vendor/OpenCV/lib/libopencv_features.500.dylib in Frameworks */,
				8D88BD01519746539379B431 /* Vendor/OpenCV/lib/libopencv_flann.500.dylib in Frameworks */,
				504007EEC2174E9BBCA64673 /* Vendor/OpenCV/lib/libopencv_geometry.500.dylib in Frameworks */,
				7B8FD3F07E4148DFAFB707BF /* Vendor/OpenCV/lib/libopencv_imgcodecs.500.dylib in Frameworks */,
				BBCFB8FA33224A2F8DF63657 /* Vendor/OpenCV/lib/libopencv_imgproc.500.dylib in Frameworks */,
				0166FB5A9702487781550106 /* Vendor/OpenCV/lib/libopencv_objdetect.500.dylib in Frameworks */,
				669AB917EFAA4048932447B8 /* Vendor/OpenCV/lib/libopencv_photo.500.dylib in Frameworks */,
				D160F01E98C040B99302F411 /* Vendor/OpenCV/lib/libopencv_stereo.500.dylib in Frameworks */,
				5776F527F84D449E9E4C1CFA /* Vendor/OpenCV/lib/libopencv_stitching.500.dylib in Frameworks */,
			);
			runOnlyForDeploymentPostprocessing = 0;
		};
/* End PBXFrameworksBuildPhase section */

/* Begin PBXGroup section */
		30A06FB50E13440EACDACBF4 /* OpenCV */ = {
			isa = PBXGroup;
			children = (
				1F6F12E988F840FA8612E14B /* Vendor/OpenCV/lib/libopencv_calib.500.dylib */,
				132D85E40BD345DA90E6A0EA /* Vendor/OpenCV/lib/libopencv_core.500.dylib */,
				79B471AFDE2A4851B4419EEE /* Vendor/OpenCV/lib/libopencv_features.500.dylib */,
				8F10565F499443988394295E /* Vendor/OpenCV/lib/libopencv_flann.500.dylib */,
				B7BA168F3C5E402A9D5A71F7 /* Vendor/OpenCV/lib/libopencv_geometry.500.dylib */,
				212737ACE4E24D8086B2C43F /* Vendor/OpenCV/lib/libopencv_imgcodecs.500.dylib */,
				946CB43764E7415A9D210836 /* Vendor/OpenCV/lib/libopencv_imgproc.500.dylib */,
				F1BFCD7E88C44B3BA9FB5F92 /* Vendor/OpenCV/lib/libopencv_objdetect.500.dylib */,
				02DCFC88F83045958E37BA70 /* Vendor/OpenCV/lib/libopencv_photo.500.dylib */,
				AA45EE91EEED442A8909C60B /* Vendor/OpenCV/lib/libopencv_stereo.500.dylib */,
				6B870E14BE1946EEAD33859D /* Vendor/OpenCV/lib/libopencv_stitching.500.dylib */,
			);
			name = OpenCV;
			sourceTree = "<group>";
		};
		7EBA11082D8143A5B2CFCCBE /* OpenCVBridge */ = {
			isa = PBXGroup;
			children = (
				D05B189BDA6245E0BB67CE60 /* OpenCVBridge/PanoramaBridge.cpp */,
				7D7F9F6E0018453485F81394 /* OpenCVBridge/include/OpenCVBridge.h */,
				A8C6EFB5825944BEB7C2999E /* OpenCVBridge/include/module.modulemap */,
			);
			name = OpenCVBridge;
			sourceTree = "<group>";
		};
		AA5AA1A9822741F4A955797C /* Resources */ = {
			isa = PBXGroup;
			children = (
				BEC8C974AC0A4A8198FB6210 /* Resources/Backgrounds */,
				E2DE47DF8743472286CEEECA /* Resources/ThirdPartyLicenses */,
			);
			name = Resources;
			sourceTree = "<group>";
		};
		F7349878307406FD00FD790F = {
			isa = PBXGroup;
			children = (
				F7349883307406FD00FD790F /* PanoWizard */,
				F7349882307406FD00FD790F /* Products */,
				AA5AA1A9822741F4A955797C /* Resources */,
				7EBA11082D8143A5B2CFCCBE /* OpenCVBridge */,
				30A06FB50E13440EACDACBF4 /* OpenCV */,
				F2DED49479F643068C844E6A /* PanoWizardTests */,
			);
			sourceTree = "<group>";
		};
		F7349882307406FD00FD790F /* Products */ = {
			isa = PBXGroup;
			children = (
				F7349881307406FD00FD790F /* PanoWizard.app */,
				36185C0CE2D94464B7F78BD3 /* libOpenCVBridge.a */,
				422A7CD70127452DBB703E00 /* PanoWizardTests.xctest */,
			);
			name = Products;
			sourceTree = "<group>";
		};
/* End PBXGroup section */

/* Begin PBXNativeTarget section */
		01645290C09E470CA42404D5 /* OpenCVBridge */ = {
			isa = PBXNativeTarget;
			buildConfigurationList = EE94D97B643B4019B0A86B9E /* Build configuration list for PBXNativeTarget "OpenCVBridge" */;
			buildPhases = (
				BA2F83672F9D4262BC00333A /* Sources */,
				508F98B5B8684E68A9AC954A /* Frameworks */,
			);
			buildRules = (
			);
			dependencies = (
			);
			name = OpenCVBridge;
			productName = OpenCVBridge;
			productReference = 36185C0CE2D94464B7F78BD3 /* libOpenCVBridge.a */;
			productType = "com.apple.product-type.library.static";
		};
		C728B782F90E4705BDB7376F /* PanoWizardTests */ = {
			isa = PBXNativeTarget;
			buildConfigurationList = 3DEA4D16FF8146F89FC0E7DF /* Build configuration list for PBXNativeTarget "PanoWizardTests" */;
			buildPhases = (
				0F6677926210471BB9C8392E /* Sources */,
				EF7EFCE0338F460999B89781 /* Frameworks */,
				56E9D4838AC84EC8B53B4E45 /* Resources */,
			);
			buildRules = (
			);
			dependencies = (
				ED37A3B94D7F4D6A951B2E14 /* PBXTargetDependency */,
			);
			fileSystemSynchronizedGroups = (
				F2DED49479F643068C844E6A /* PanoWizardTests */,
			);
			name = PanoWizardTests;
			productName = PanoWizardTests;
			productReference = 422A7CD70127452DBB703E00 /* PanoWizardTests.xctest */;
			productType = "com.apple.product-type.bundle.unit-test";
		};
		F7349880307406FD00FD790F /* PanoWizard */ = {
			isa = PBXNativeTarget;
			buildConfigurationList = F734988C307406FE00FD790F /* Build configuration list for PBXNativeTarget "PanoWizard" */;
			buildPhases = (
				A15500000000000000000001 /* Generate Build Metadata */,
				F734987D307406FD00FD790F /* Sources */,
				F734987E307406FD00FD790F /* Frameworks */,
				F734987F307406FD00FD790F /* Resources */,
				784280F4C5634915B974A6BF /* Embed OpenCV Libraries */,
			);
			buildRules = (
			);
			dependencies = (
				20D73B780CAC4E01AA557F48 /* PBXTargetDependency */,
			);
			fileSystemSynchronizedGroups = (
				F7349883307406FD00FD790F /* PanoWizard */,
			);
			name = PanoWizard;
			packageProductDependencies = (
			);
			productName = PanoWizard;
			productReference = F7349881307406FD00FD790F /* PanoWizard.app */;
			productType = "com.apple.product-type.application";
		};
/* End PBXNativeTarget section */

/* Begin PBXProject section */
		F7349879307406FD00FD790F /* Project object */ = {
			isa = PBXProject;
			attributes = {
				BuildIndependentTargetsInParallel = 1;
				LastSwiftUpdateCheck = 2650;
				LastUpgradeCheck = 2650;
				TargetAttributes = {
					C728B782F90E4705BDB7376F = {
						CreatedOnToolsVersion = 26.5;
						TestTargetID = F7349880307406FD00FD790F;
					};
					F7349880307406FD00FD790F = {
						CreatedOnToolsVersion = 26.5;
					};
				};
			};
			buildConfigurationList = F734987C307406FD00FD790F /* Build configuration list for PBXProject "PanoWizard" */;
			developmentRegion = en;
			hasScannedForEncodings = 0;
			knownRegions = (
				en,
				Base,
			);
			mainGroup = F7349878307406FD00FD790F;
			minimizedProjectReferenceProxies = 1;
			preferredProjectObjectVersion = 77;
			productRefGroup = F7349882307406FD00FD790F /* Products */;
			projectDirPath = "";
			projectRoot = "";
			targets = (
				F7349880307406FD00FD790F /* PanoWizard */,
				01645290C09E470CA42404D5 /* OpenCVBridge */,
				C728B782F90E4705BDB7376F /* PanoWizardTests */,
			);
		};
/* End PBXProject section */

/* Begin PBXResourcesBuildPhase section */
		56E9D4838AC84EC8B53B4E45 /* Resources */ = {
			isa = PBXResourcesBuildPhase;
			buildActionMask = 2147483647;
			files = (
			);
			runOnlyForDeploymentPostprocessing = 0;
		};
		F734987F307406FD00FD790F /* Resources */ = {
			isa = PBXResourcesBuildPhase;
			buildActionMask = 2147483647;
			files = (
				37BD371D5C4D4D71A0739AFC /* Resources/Backgrounds in Resources */,
				9BE3DA9456E849F887F562E0 /* Resources/ThirdPartyLicenses in Resources */,
			);
			runOnlyForDeploymentPostprocessing = 0;
		};
/* End PBXResourcesBuildPhase section */

/* Begin PBXShellScriptBuildPhase section */
		A15500000000000000000001 /* Generate Build Metadata */ = {
			isa = PBXShellScriptBuildPhase;
			alwaysOutOfDate = 1;
			buildActionMask = 2147483647;
			files = (
			);
			inputPaths = (
			);
			name = "Generate Build Metadata";
			outputPaths = (
				"$(DERIVED_FILE_DIR)/PanoWizardBuildMetadata.h",
			);
			runOnlyForDeploymentPostprocessing = 0;
			shellPath = /bin/sh;
			shellScript = "set -eu\nstamp=$(/bin/date '+%Y%m%d%H%M|%Y-%m-%d %H:%M')\nnumber=${stamp%%|*}\nreadable=${stamp#*|}\n/bin/mkdir -p \"${DERIVED_FILE_DIR}\"\n/usr/bin/printf '#define PW_BUILD_NUMBER %s\\n#define PW_BUILD_TIMESTAMP %s\\n' \"$number\" \"$readable\" > \"${SCRIPT_OUTPUT_FILE_0}\"\n";
		};
/* End PBXShellScriptBuildPhase section */

/* Begin PBXSourcesBuildPhase section */
		0F6677926210471BB9C8392E /* Sources */ = {
			isa = PBXSourcesBuildPhase;
			buildActionMask = 2147483647;
			files = (
			);
			runOnlyForDeploymentPostprocessing = 0;
		};
		BA2F83672F9D4262BC00333A /* Sources */ = {
			isa = PBXSourcesBuildPhase;
			buildActionMask = 2147483647;
			files = (
				95F2F371C958435B95A80622 /* OpenCVBridge/PanoramaBridge.cpp in Sources */,
			);
			runOnlyForDeploymentPostprocessing = 0;
		};
		F734987D307406FD00FD790F /* Sources */ = {
			isa = PBXSourcesBuildPhase;
			buildActionMask = 2147483647;
			files = (
			);
			runOnlyForDeploymentPostprocessing = 0;
		};
/* End PBXSourcesBuildPhase section */

/* Begin PBXTargetDependency section */
		20D73B780CAC4E01AA557F48 /* PBXTargetDependency */ = {
			isa = PBXTargetDependency;
			target = 01645290C09E470CA42404D5 /* OpenCVBridge */;
			targetProxy = F2813E8409DF4A7B936DF617 /* PBXContainerItemProxy */;
		};
		ED37A3B94D7F4D6A951B2E14 /* PBXTargetDependency */ = {
			isa = PBXTargetDependency;
			target = F7349880307406FD00FD790F /* PanoWizard */;
			targetProxy = 13440D6DE5734FEC9A153491 /* PBXContainerItemProxy */;
		};
/* End PBXTargetDependency section */

/* Begin XCBuildConfiguration section */
		04AFA0F23D824FF89563E91D /* Release */ = {
			isa = XCBuildConfiguration;
			buildSettings = {
				BUNDLE_LOADER = "$(TEST_HOST)";
				CODE_SIGN_STYLE = Automatic;
				DEVELOPMENT_TEAM = 52A6FA9VB5;
				GENERATE_INFOPLIST_FILE = YES;
				LD_RUNPATH_SEARCH_PATHS = (
					"$(inherited)",
					"@loader_path/../Frameworks",
					"@executable_path/../Frameworks",
				);
				LIBRARY_SEARCH_PATHS = (
					"$(inherited)",
					"$(SRCROOT)/Vendor/OpenCV/lib",
				);
				OTHER_LDFLAGS = (
					"$(inherited)",
					"-lc++",
				);
				PRODUCT_BUNDLE_IDENTIFIER = se.egelberg.panowizard.tests;
				PRODUCT_NAME = "$(TARGET_NAME)";
				SKIP_INSTALL = YES;
				SWIFT_INCLUDE_PATHS = "$(SRCROOT)/OpenCVBridge/include";
				SWIFT_VERSION = 6.0;
				TEST_HOST = "$(BUILT_PRODUCTS_DIR)/PanoWizard.app/Contents/MacOS/PanoWizard";
			};
			name = Release;
		};
		3E2B7A81B6C2435FBE1EF6A6 /* Debug */ = {
			isa = XCBuildConfiguration;
			buildSettings = {
				CLANG_CXX_LANGUAGE_STANDARD = "c++17";
				HEADER_SEARCH_PATHS = (
					"$(inherited)",
					"$(SRCROOT)/OpenCVBridge/include",
				);
				PRODUCT_NAME = "$(TARGET_NAME)";
				SKIP_INSTALL = YES;
				SYSTEM_HEADER_SEARCH_PATHS = "$(SRCROOT)/Vendor/OpenCV/include/opencv5";
			};
			name = Debug;
		};
		6ADABD15324645E5A7BF8741 /* Release */ = {
			isa = XCBuildConfiguration;
			buildSettings = {
				CLANG_CXX_LANGUAGE_STANDARD = "c++17";
				HEADER_SEARCH_PATHS = (
					"$(inherited)",
					"$(SRCROOT)/OpenCVBridge/include",
				);
				PRODUCT_NAME = "$(TARGET_NAME)";
				SKIP_INSTALL = YES;
				SYSTEM_HEADER_SEARCH_PATHS = "$(SRCROOT)/Vendor/OpenCV/include/opencv5";
			};
			name = Release;
		};
		EB8DDF2B69E34709800E8D75 /* Debug */ = {
			isa = XCBuildConfiguration;
			buildSettings = {
				BUNDLE_LOADER = "$(TEST_HOST)";
				CODE_SIGN_STYLE = Automatic;
				DEVELOPMENT_TEAM = 52A6FA9VB5;
				GENERATE_INFOPLIST_FILE = YES;
				LD_RUNPATH_SEARCH_PATHS = (
					"$(inherited)",
					"@loader_path/../Frameworks",
					"@executable_path/../Frameworks",
				);
				LIBRARY_SEARCH_PATHS = (
					"$(inherited)",
					"$(SRCROOT)/Vendor/OpenCV/lib",
				);
				OTHER_LDFLAGS = (
					"$(inherited)",
					"-lc++",
				);
				PRODUCT_BUNDLE_IDENTIFIER = se.egelberg.panowizard.tests;
				PRODUCT_NAME = "$(TARGET_NAME)";
				SKIP_INSTALL = YES;
				SWIFT_INCLUDE_PATHS = "$(SRCROOT)/OpenCVBridge/include";
				SWIFT_VERSION = 6.0;
				TEST_HOST = "$(BUILT_PRODUCTS_DIR)/PanoWizard.app/Contents/MacOS/PanoWizard";
			};
			name = Debug;
		};
		F734988A307406FE00FD790F /* Debug */ = {
			isa = XCBuildConfiguration;
			buildSettings = {
				ALWAYS_SEARCH_USER_PATHS = NO;
				ARCHS = arm64;
				ASSETCATALOG_COMPILER_GENERATE_SWIFT_ASSET_SYMBOL_EXTENSIONS = YES;
				CLANG_ANALYZER_NONNULL = YES;
				CLANG_ANALYZER_NUMBER_OBJECT_CONVERSION = YES_AGGRESSIVE;
				CLANG_CXX_LANGUAGE_STANDARD = "c++17";
				CLANG_ENABLE_MODULES = YES;
				CLANG_ENABLE_OBJC_ARC = YES;
				CLANG_ENABLE_OBJC_WEAK = YES;
				CLANG_WARN_BLOCK_CAPTURE_AUTORELEASING = YES;
				CLANG_WARN_BOOL_CONVERSION = YES;
				CLANG_WARN_COMMA = YES;
				CLANG_WARN_CONSTANT_CONVERSION = YES;
				CLANG_WARN_DEPRECATED_OBJC_IMPLEMENTATIONS = YES;
				CLANG_WARN_DIRECT_OBJC_ISA_USAGE = YES_ERROR;
				CLANG_WARN_DOCUMENTATION_COMMENTS = YES;
				CLANG_WARN_EMPTY_BODY = YES;
				CLANG_WARN_ENUM_CONVERSION = YES;
				CLANG_WARN_INFINITE_RECURSION = YES;
				CLANG_WARN_INT_CONVERSION = YES;
				CLANG_WARN_NON_LITERAL_NULL_CONVERSION = YES;
				CLANG_WARN_OBJC_IMPLICIT_RETAIN_SELF = YES;
				CLANG_WARN_OBJC_LITERAL_CONVERSION = YES;
				CLANG_WARN_OBJC_ROOT_CLASS = YES_ERROR;
				CLANG_WARN_QUOTED_INCLUDE_IN_FRAMEWORK_HEADER = YES;
				CLANG_WARN_RANGE_LOOP_ANALYSIS = YES;
				CLANG_WARN_STRICT_PROTOTYPES = YES;
				CLANG_WARN_SUSPICIOUS_MOVE = YES;
				CLANG_WARN_UNGUARDED_AVAILABILITY = YES_AGGRESSIVE;
				CLANG_WARN_UNREACHABLE_CODE = YES;
				CLANG_WARN__DUPLICATE_METHOD_MATCH = YES;
				CONFIGURATION_BUILD_DIR = "$(HOME)/Library/Developer/Xcode/PanoWizardBuilds/$(CONFIGURATION)";
				COPY_PHASE_STRIP = NO;
				DEBUG_INFORMATION_FORMAT = dwarf;
				DEVELOPMENT_TEAM = 52A6FA9VB5;
				ENABLE_STRICT_OBJC_MSGSEND = YES;
				ENABLE_TESTABILITY = YES;
				ENABLE_USER_SCRIPT_SANDBOXING = YES;
				GCC_C_LANGUAGE_STANDARD = gnu17;
				GCC_DYNAMIC_NO_PIC = NO;
				GCC_NO_COMMON_BLOCKS = YES;
				GCC_OPTIMIZATION_LEVEL = 0;
				GCC_PREPROCESSOR_DEFINITIONS = (
					"DEBUG=1",
					"$(inherited)",
				);
				GCC_WARN_64_TO_32_BIT_CONVERSION = YES;
				GCC_WARN_ABOUT_RETURN_TYPE = YES_ERROR;
				GCC_WARN_UNDECLARED_SELECTOR = YES;
				GCC_WARN_UNINITIALIZED_AUTOS = YES_AGGRESSIVE;
				GCC_WARN_UNUSED_FUNCTION = YES;
				GCC_WARN_UNUSED_VARIABLE = YES;
				LOCALIZATION_PREFERS_STRING_CATALOGS = YES;
				MACOSX_DEPLOYMENT_TARGET = 26.5;
				MTL_ENABLE_DEBUG_INFO = INCLUDE_SOURCE;
				MTL_FAST_MATH = YES;
				ONLY_ACTIVE_ARCH = YES;
				SDKROOT = macosx;
				SWIFT_ACTIVE_COMPILATION_CONDITIONS = "DEBUG $(inherited)";
				SWIFT_OPTIMIZATION_LEVEL = "-Onone";
				SWIFT_VERSION = 6.0;
			};
			name = Debug;
		};
		F734988B307406FE00FD790F /* Release */ = {
			isa = XCBuildConfiguration;
			buildSettings = {
				ALWAYS_SEARCH_USER_PATHS = NO;
				ARCHS = arm64;
				ASSETCATALOG_COMPILER_GENERATE_SWIFT_ASSET_SYMBOL_EXTENSIONS = YES;
				CLANG_ANALYZER_NONNULL = YES;
				CLANG_ANALYZER_NUMBER_OBJECT_CONVERSION = YES_AGGRESSIVE;
				CLANG_CXX_LANGUAGE_STANDARD = "c++17";
				CLANG_ENABLE_MODULES = YES;
				CLANG_ENABLE_OBJC_ARC = YES;
				CLANG_ENABLE_OBJC_WEAK = YES;
				CLANG_WARN_BLOCK_CAPTURE_AUTORELEASING = YES;
				CLANG_WARN_BOOL_CONVERSION = YES;
				CLANG_WARN_COMMA = YES;
				CLANG_WARN_CONSTANT_CONVERSION = YES;
				CLANG_WARN_DEPRECATED_OBJC_IMPLEMENTATIONS = YES;
				CLANG_WARN_DIRECT_OBJC_ISA_USAGE = YES_ERROR;
				CLANG_WARN_DOCUMENTATION_COMMENTS = YES;
				CLANG_WARN_EMPTY_BODY = YES;
				CLANG_WARN_ENUM_CONVERSION = YES;
				CLANG_WARN_INFINITE_RECURSION = YES;
				CLANG_WARN_INT_CONVERSION = YES;
				CLANG_WARN_NON_LITERAL_NULL_CONVERSION = YES;
				CLANG_WARN_OBJC_IMPLICIT_RETAIN_SELF = YES;
				CLANG_WARN_OBJC_LITERAL_CONVERSION = YES;
				CLANG_WARN_OBJC_ROOT_CLASS = YES_ERROR;
				CLANG_WARN_QUOTED_INCLUDE_IN_FRAMEWORK_HEADER = YES;
				CLANG_WARN_RANGE_LOOP_ANALYSIS = YES;
				CLANG_WARN_STRICT_PROTOTYPES = YES;
				CLANG_WARN_SUSPICIOUS_MOVE = YES;
				CLANG_WARN_UNGUARDED_AVAILABILITY = YES_AGGRESSIVE;
				CLANG_WARN_UNREACHABLE_CODE = YES;
				CLANG_WARN__DUPLICATE_METHOD_MATCH = YES;
				CONFIGURATION_BUILD_DIR = "$(HOME)/Library/Developer/Xcode/PanoWizardBuilds/$(CONFIGURATION)";
				COPY_PHASE_STRIP = NO;
				DEBUG_INFORMATION_FORMAT = "dwarf-with-dsym";
				DEVELOPMENT_TEAM = 52A6FA9VB5;
				DWARF_DSYM_FOLDER_PATH = "$(BUILD_DIR)/$(CONFIGURATION)$(EFFECTIVE_PLATFORM_NAME)";
				ENABLE_NS_ASSERTIONS = NO;
				ENABLE_STRICT_OBJC_MSGSEND = YES;
				ENABLE_USER_SCRIPT_SANDBOXING = YES;
				GCC_C_LANGUAGE_STANDARD = gnu17;
				GCC_NO_COMMON_BLOCKS = YES;
				GCC_WARN_64_TO_32_BIT_CONVERSION = YES;
				GCC_WARN_ABOUT_RETURN_TYPE = YES_ERROR;
				GCC_WARN_UNDECLARED_SELECTOR = YES;
				GCC_WARN_UNINITIALIZED_AUTOS = YES_AGGRESSIVE;
				GCC_WARN_UNUSED_FUNCTION = YES;
				GCC_WARN_UNUSED_VARIABLE = YES;
				LOCALIZATION_PREFERS_STRING_CATALOGS = YES;
				MACOSX_DEPLOYMENT_TARGET = 26.5;
				MTL_ENABLE_DEBUG_INFO = NO;
				MTL_FAST_MATH = YES;
				SDKROOT = macosx;
				SWIFT_COMPILATION_MODE = wholemodule;
				SWIFT_VERSION = 6.0;
			};
			name = Release;
		};
		F734988D307406FE00FD790F /* Debug */ = {
			isa = XCBuildConfiguration;
			buildSettings = {
				ASSETCATALOG_COMPILER_APPICON_NAME = AppIcon;
				ASSETCATALOG_COMPILER_GLOBAL_ACCENT_COLOR_NAME = AccentColor;
				CODE_SIGN_ENTITLEMENTS = PanoWizard/PanoWizard.entitlements;
				CODE_SIGN_STYLE = Automatic;
				COMBINE_HIDPI_IMAGES = YES;
				DEVELOPMENT_TEAM = 52A6FA9VB5;
				ENABLE_APP_SANDBOX = YES;
				ENABLE_HARDENED_RUNTIME = YES;
				ENABLE_OUTGOING_NETWORK_CONNECTIONS = YES;
				ENABLE_PREVIEWS = YES;
				ENABLE_USER_SELECTED_FILES = readwrite;
				GENERATE_INFOPLIST_FILE = NO;
				INFOPLIST_FILE = PanoWizard/Info.plist;
				INFOPLIST_KEY_CFBundleDisplayName = PanoWizard;
				INFOPLIST_KEY_LSApplicationCategoryType = "public.app-category.photography";
				INFOPLIST_KEY_NSHumanReadableCopyright = "";
				INFOPLIST_PREFIX_HEADER = "$(DERIVED_FILE_DIR)/PanoWizardBuildMetadata.h";
				INFOPLIST_PREPROCESS = YES;
				LD_RUNPATH_SEARCH_PATHS = (
					"$(inherited)",
					"@executable_path/../Frameworks",
				);
				LIBRARY_SEARCH_PATHS = (
					"$(inherited)",
					"$(SRCROOT)/Vendor/OpenCV/lib",
				);
				MARKETING_VERSION = 1.0;
				OTHER_LDFLAGS = (
					"$(inherited)",
					"-lc++",
				);
				PRODUCT_BUNDLE_IDENTIFIER = se.egelberg.panowizard;
				PRODUCT_NAME = "$(TARGET_NAME)";
				REGISTER_APP_GROUPS = YES;
				STRING_CATALOG_GENERATE_SYMBOLS = YES;
				SWIFT_EMIT_LOC_STRINGS = YES;
				SWIFT_INCLUDE_PATHS = "$(SRCROOT)/OpenCVBridge/include";
				SWIFT_VERSION = 6.0;
			};
			name = Debug;
		};
		F734988E307406FE00FD790F /* Release */ = {
			isa = XCBuildConfiguration;
			buildSettings = {
				ASSETCATALOG_COMPILER_APPICON_NAME = AppIcon;
				ASSETCATALOG_COMPILER_GLOBAL_ACCENT_COLOR_NAME = AccentColor;
				CODE_SIGN_ENTITLEMENTS = PanoWizard/PanoWizard.entitlements;
				CODE_SIGN_STYLE = Automatic;
				COMBINE_HIDPI_IMAGES = YES;
				DEVELOPMENT_TEAM = 52A6FA9VB5;
				ENABLE_APP_SANDBOX = YES;
				ENABLE_HARDENED_RUNTIME = YES;
				ENABLE_OUTGOING_NETWORK_CONNECTIONS = YES;
				ENABLE_PREVIEWS = YES;
				ENABLE_USER_SELECTED_FILES = readwrite;
				GENERATE_INFOPLIST_FILE = NO;
				INFOPLIST_FILE = PanoWizard/Info.plist;
				INFOPLIST_KEY_CFBundleDisplayName = PanoWizard;
				INFOPLIST_KEY_LSApplicationCategoryType = "public.app-category.photography";
				INFOPLIST_KEY_NSHumanReadableCopyright = "";
				INFOPLIST_PREFIX_HEADER = "$(DERIVED_FILE_DIR)/PanoWizardBuildMetadata.h";
				INFOPLIST_PREPROCESS = YES;
				LD_RUNPATH_SEARCH_PATHS = (
					"$(inherited)",
					"@executable_path/../Frameworks",
				);
				LIBRARY_SEARCH_PATHS = (
					"$(inherited)",
					"$(SRCROOT)/Vendor/OpenCV/lib",
				);
				MARKETING_VERSION = 1.0;
				OTHER_LDFLAGS = (
					"$(inherited)",
					"-lc++",
				);
				PRODUCT_BUNDLE_IDENTIFIER = se.egelberg.panowizard;
				PRODUCT_NAME = "$(TARGET_NAME)";
				REGISTER_APP_GROUPS = YES;
				STRING_CATALOG_GENERATE_SYMBOLS = YES;
				SWIFT_EMIT_LOC_STRINGS = YES;
				SWIFT_INCLUDE_PATHS = "$(SRCROOT)/OpenCVBridge/include";
				SWIFT_VERSION = 6.0;
			};
			name = Release;
		};
/* End XCBuildConfiguration section */

/* Begin XCConfigurationList section */
		3DEA4D16FF8146F89FC0E7DF /* Build configuration list for PBXNativeTarget "PanoWizardTests" */ = {
			isa = XCConfigurationList;
			buildConfigurations = (
				EB8DDF2B69E34709800E8D75 /* Debug */,
				04AFA0F23D824FF89563E91D /* Release */,
			);
			defaultConfigurationIsVisible = 0;
			defaultConfigurationName = Release;
		};
		EE94D97B643B4019B0A86B9E /* Build configuration list for PBXNativeTarget "OpenCVBridge" */ = {
			isa = XCConfigurationList;
			buildConfigurations = (
				3E2B7A81B6C2435FBE1EF6A6 /* Debug */,
				6ADABD15324645E5A7BF8741 /* Release */,
			);
			defaultConfigurationIsVisible = 0;
			defaultConfigurationName = Release;
		};
		F734987C307406FD00FD790F /* Build configuration list for PBXProject "PanoWizard" */ = {
			isa = XCConfigurationList;
			buildConfigurations = (
				F734988A307406FE00FD790F /* Debug */,
				F734988B307406FE00FD790F /* Release */,
			);
			defaultConfigurationIsVisible = 0;
			defaultConfigurationName = Release;
		};
		F734988C307406FE00FD790F /* Build configuration list for PBXNativeTarget "PanoWizard" */ = {
			isa = XCConfigurationList;
			buildConfigurations = (
				F734988D307406FE00FD790F /* Debug */,
				F734988E307406FE00FD790F /* Release */,
			);
			defaultConfigurationIsVisible = 0;
			defaultConfigurationName = Release;
		};
/* End XCConfigurationList section */
	};
	rootObject = F7349879307406FD00FD790F /* Project object */;
}
